
Microsoft Visual Studio Solution File, Format Version 12.00
# Visual Studio Version 16
VisualStudioVersion = 16.0.31321.278
MinimumVisualStudioVersion = 10.0.40219.1
Project("{FAE04EC0-301F-11D3-BF4B-00C04F79EFBC}") = "Ejercicio5", "Ejercicio5\Ejercicio5.csproj", "{99923A68-16BF-4A55-A9D6-6838B3389699}"
EndProject
Global
	GlobalSection(SolutionConfigurationPlatforms) = preSolution
		Debug|Any CPU = Debug|Any CPU
		Release|Any CPU = Release|Any CPU
	EndGlobalSection
	GlobalSection(ProjectConfigurationPlatforms) = postSolution
		{99923A68-16BF-4A55-A9D6-6838B3389699}.Debug|Any CPU.ActiveCfg = Debug|Any CPU
		{99923A68-16BF-4A55-A9D6-6838B3389699}.Debug|Any CPU.Build.0 = Debug|Any CPU
		{99923A68-16BF-4A55-A9D6-6838B3389699}.Release|Any CPU.ActiveCfg = Release|Any CPU
		{99923A68-16BF-4A55-A9D6-6838B3389699}.Release|Any CPU.Build.0 = Release|Any CPU
	EndGlobalSection
	GlobalSection(SolutionProperties) = preSolution
		HideSolutionNode = FALSE
	EndGlobalSection
	GlobalSection(ExtensibilityGlobals) = postSolution
		SolutionGuid = {EC98E8A6-4D27-457D-BA62-FE20EFB3A6D4}
	EndGlobalSection
EndGlobal
