
Microsoft Visual Studio Solution File, Format Version 12.00
# Visual Studio Version 16
VisualStudioVersion = 16.0.31321.278
MinimumVisualStudioVersion = 10.0.40219.1
Project("{FAE04EC0-301F-11D3-BF4B-00C04F79EFBC}") = "Ejercicio3", "Ejercicio3\Ejercicio3.csproj", "{E3EFB5CA-0259-4ADD-9D13-2A4508F5C756}"
EndProject
Global
	GlobalSection(SolutionConfigurationPlatforms) = preSolution
		Debug|Any CPU = Debug|Any CPU
		Release|Any CPU = Release|Any CPU
	EndGlobalSection
	GlobalSection(ProjectConfigurationPlatforms) = postSolution
		{E3EFB5CA-0259-4ADD-9D13-2A4508F5C756}.Debug|Any CPU.ActiveCfg = Debug|Any CPU
		{E3EFB5CA-0259-4ADD-9D13-2A4508F5C756}.Debug|Any CPU.Build.0 = Debug|Any CPU
		{E3EFB5CA-0259-4ADD-9D13-2A4508F5C756}.Release|Any CPU.ActiveCfg = Release|Any CPU
		{E3EFB5CA-0259-4ADD-9D13-2A4508F5C756}.Release|Any CPU.Build.0 = Release|Any CPU
	EndGlobalSection
	GlobalSection(SolutionProperties) = preSolution
		HideSolutionNode = FALSE
	EndGlobalSection
	GlobalSection(ExtensibilityGlobals) = postSolution
		SolutionGuid = {7B50CD03-4BA0-426A-96C5-45CBCCB6C187}
	EndGlobalSection
EndGlobal
